
Microsoft Visual Studio Solution File, Format Version 12.00
# Visual Studio 15
Project("{FAE04EC0-301F-11D3-BF4B-00C04F79EFBC}") = "UniHumanoid", "UniHumanoid.csproj", "{C9DD18EA-9163-B585-1DD1-1E318BDEA029}"
EndProject
Project("{FAE04EC0-301F-11D3-BF4B-00C04F79EFBC}") = "SpringBoneJobs", "SpringBoneJobs.csproj", "{B5875FAA-F325-BA5F-3918-C410CC4FE80C}"
EndProject
Project("{FAE04EC0-301F-11D3-BF4B-00C04F79EFBC}") = "UniGLTF.Editor", "UniGLTF.Editor.csproj", "{0581984A-1DE7-5C4A-D617-65EB23B27D75}"
EndProject
Project("{FAE04EC0-301F-11D3-BF4B-00C04F79EFBC}") = "UniGLTF", "UniGLTF.csproj", "{6E47E426-083F-7D45-D412-BC8AE64CAA93}"
EndProject
Project("{FAE04EC0-301F-11D3-BF4B-00C04F79EFBC}") = "VRM", "VRM.csproj", "{FBFAF747-2DF2-4699-3CE4-060702C2231B}"
EndProject
Project("{FAE04EC0-301F-11D3-BF4B-00C04F79EFBC}") = "UniGLTF.Tests", "UniGLTF.Tests.csproj", "{A12BCE68-ED72-87F3-0620-8A8835EB4201}"
EndProject
Project("{FAE04EC0-301F-11D3-BF4B-00C04F79EFBC}") = "MToon", "MToon.csproj", "{432675D1-5DA2-2869-3E3F-B859A1D88C96}"
EndProject
Project("{FAE04EC0-301F-11D3-BF4B-00C04F79EFBC}") = "UniVRM.Editor", "UniVRM.Editor.csproj", "{CB357297-7CD3-2EF6-FFBB-79AE2240A936}"
EndProject
Project("{FAE04EC0-301F-11D3-BF4B-00C04F79EFBC}") = "VRM.Tests", "VRM.Tests.csproj", "{78CDB7AB-16FB-9A1D-E725-F56CDD5CF095}"
EndProject
Project("{FAE04EC0-301F-11D3-BF4B-00C04F79EFBC}") = "MToon.Editor", "MToon.Editor.csproj", "{CF6D699A-BAF2-F107-268E-C320E767848B}"
EndProject
Project("{FAE04EC0-301F-11D3-BF4B-00C04F79EFBC}") = "UniHumanoid.Editor", "UniHumanoid.Editor.csproj", "{AA03842B-72EE-0BB9-B3DA-C985208BF2EA}"
EndProject
Project("{FAE04EC0-301F-11D3-BF4B-00C04F79EFBC}") = "VRM.Samples.Editor.Tests", "VRM.Samples.Editor.Tests.csproj", "{23A33849-9CEA-6339-CA24-1C07ACA1534F}"
EndProject
Project("{FAE04EC0-301F-11D3-BF4B-00C04F79EFBC}") = "UniGLTF.UniUnlit", "UniGLTF.UniUnlit.csproj", "{0177C860-64E1-69BE-6D0C-DF3486F9A7D3}"
EndProject
Project("{FAE04EC0-301F-11D3-BF4B-00C04F79EFBC}") = "UniHumanoid.Editor.Tests", "UniHumanoid.Editor.Tests.csproj", "{7E3CEADC-B213-1E1A-A88D-32C08DA63216}"
EndProject
Project("{FAE04EC0-301F-11D3-BF4B-00C04F79EFBC}") = "UniGLTF.UniUnlit.Editor", "UniGLTF.UniUnlit.Editor.csproj", "{663750EC-4634-6785-1FBC-072729462FC7}"
EndProject
Project("{FAE04EC0-301F-11D3-BF4B-00C04F79EFBC}") = "UniGLTF.Utils", "UniGLTF.Utils.csproj", "{18168A11-7585-2D44-0B95-E9500073D368}"
EndProject
Project("{FAE04EC0-301F-11D3-BF4B-00C04F79EFBC}") = "Assembly-CSharp", "Assembly-CSharp.csproj", "{83AA58F6-863E-989E-F562-B4DEE3BC6160}"
EndProject
Global
	GlobalSection(SolutionConfigurationPlatforms) = preSolution
		Debug|Any CPU = Debug|Any CPU
		Release|Any CPU = Release|Any CPU
	EndGlobalSection
	GlobalSection(ProjectConfigurationPlatforms) = postSolution
		{C9DD18EA-9163-B585-1DD1-1E318BDEA029}.Debug|Any CPU.ActiveCfg = Debug|Any CPU
		{C9DD18EA-9163-B585-1DD1-1E318BDEA029}.Debug|Any CPU.Build.0 = Debug|Any CPU
		{C9DD18EA-9163-B585-1DD1-1E318BDEA029}.Release|Any CPU.ActiveCfg = Release|Any CPU
		{C9DD18EA-9163-B585-1DD1-1E318BDEA029}.Release|Any CPU.Build.0 = Release|Any CPU
		{B5875FAA-F325-BA5F-3918-C410CC4FE80C}.Debug|Any CPU.ActiveCfg = Debug|Any CPU
		{B5875FAA-F325-BA5F-3918-C410CC4FE80C}.Debug|Any CPU.Build.0 = Debug|Any CPU
		{B5875FAA-F325-BA5F-3918-C410CC4FE80C}.Release|Any CPU.ActiveCfg = Release|Any CPU
		{B5875FAA-F325-BA5F-3918-C410CC4FE80C}.Release|Any CPU.Build.0 = Release|Any CPU
		{0581984A-1DE7-5C4A-D617-65EB23B27D75}.Debug|Any CPU.ActiveCfg = Debug|Any CPU
		{0581984A-1DE7-5C4A-D617-65EB23B27D75}.Debug|Any CPU.Build.0 = Debug|Any CPU
		{0581984A-1DE7-5C4A-D617-65EB23B27D75}.Release|Any CPU.ActiveCfg = Release|Any CPU
		{0581984A-1DE7-5C4A-D617-65EB23B27D75}.Release|Any CPU.Build.0 = Release|Any CPU
		{6E47E426-083F-7D45-D412-BC8AE64CAA93}.Debug|Any CPU.ActiveCfg = Debug|Any CPU
		{6E47E426-083F-7D45-D412-BC8AE64CAA93}.Debug|Any CPU.Build.0 = Debug|Any CPU
		{6E47E426-083F-7D45-D412-BC8AE64CAA93}.Release|Any CPU.ActiveCfg = Release|Any CPU
		{6E47E426-083F-7D45-D412-BC8AE64CAA93}.Release|Any CPU.Build.0 = Release|Any CPU
		{FBFAF747-2DF2-4699-3CE4-060702C2231B}.Debug|Any CPU.ActiveCfg = Debug|Any CPU
		{FBFAF747-2DF2-4699-3CE4-060702C2231B}.Debug|Any CPU.Build.0 = Debug|Any CPU
		{FBFAF747-2DF2-4699-3CE4-060702C2231B}.Release|Any CPU.ActiveCfg = Release|Any CPU
		{FBFAF747-2DF2-4699-3CE4-060702C2231B}.Release|Any CPU.Build.0 = Release|Any CPU
		{A12BCE68-ED72-87F3-0620-8A8835EB4201}.Debug|Any CPU.ActiveCfg = Debug|Any CPU
		{A12BCE68-ED72-87F3-0620-8A8835EB4201}.Debug|Any CPU.Build.0 = Debug|Any CPU
		{A12BCE68-ED72-87F3-0620-8A8835EB4201}.Release|Any CPU.ActiveCfg = Release|Any CPU
		{A12BCE68-ED72-87F3-0620-8A8835EB4201}.Release|Any CPU.Build.0 = Release|Any CPU
		{432675D1-5DA2-2869-3E3F-B859A1D88C96}.Debug|Any CPU.ActiveCfg = Debug|Any CPU
		{432675D1-5DA2-2869-3E3F-B859A1D88C96}.Debug|Any CPU.Build.0 = Debug|Any CPU
		{432675D1-5DA2-2869-3E3F-B859A1D88C96}.Release|Any CPU.ActiveCfg = Release|Any CPU
		{432675D1-5DA2-2869-3E3F-B859A1D88C96}.Release|Any CPU.Build.0 = Release|Any CPU
		{CB357297-7CD3-2EF6-FFBB-79AE2240A936}.Debug|Any CPU.ActiveCfg = Debug|Any CPU
		{CB357297-7CD3-2EF6-FFBB-79AE2240A936}.Debug|Any CPU.Build.0 = Debug|Any CPU
		{CB357297-7CD3-2EF6-FFBB-79AE2240A936}.Release|Any CPU.ActiveCfg = Release|Any CPU
		{CB357297-7CD3-2EF6-FFBB-79AE2240A936}.Release|Any CPU.Build.0 = Release|Any CPU
		{78CDB7AB-16FB-9A1D-E725-F56CDD5CF095}.Debug|Any CPU.ActiveCfg = Debug|Any CPU
		{78CDB7AB-16FB-9A1D-E725-F56CDD5CF095}.Debug|Any CPU.Build.0 = Debug|Any CPU
		{78CDB7AB-16FB-9A1D-E725-F56CDD5CF095}.Release|Any CPU.ActiveCfg = Release|Any CPU
		{78CDB7AB-16FB-9A1D-E725-F56CDD5CF095}.Release|Any CPU.Build.0 = Release|Any CPU
		{CF6D699A-BAF2-F107-268E-C320E767848B}.Debug|Any CPU.ActiveCfg = Debug|Any CPU
		{CF6D699A-BAF2-F107-268E-C320E767848B}.Debug|Any CPU.Build.0 = Debug|Any CPU
		{CF6D699A-BAF2-F107-268E-C320E767848B}.Release|Any CPU.ActiveCfg = Release|Any CPU
		{CF6D699A-BAF2-F107-268E-C320E767848B}.Release|Any CPU.Build.0 = Release|Any CPU
		{AA03842B-72EE-0BB9-B3DA-C985208BF2EA}.Debug|Any CPU.ActiveCfg = Debug|Any CPU
		{AA03842B-72EE-0BB9-B3DA-C985208BF2EA}.Debug|Any CPU.Build.0 = Debug|Any CPU
		{AA03842B-72EE-0BB9-B3DA-C985208BF2EA}.Release|Any CPU.ActiveCfg = Release|Any CPU
		{AA03842B-72EE-0BB9-B3DA-C985208BF2EA}.Release|Any CPU.Build.0 = Release|Any CPU
		{23A33849-9CEA-6339-CA24-1C07ACA1534F}.Debug|Any CPU.ActiveCfg = Debug|Any CPU
		{23A33849-9CEA-6339-CA24-1C07ACA1534F}.Debug|Any CPU.Build.0 = Debug|Any CPU
		{23A33849-9CEA-6339-CA24-1C07ACA1534F}.Release|Any CPU.ActiveCfg = Release|Any CPU
		{23A33849-9CEA-6339-CA24-1C07ACA1534F}.Release|Any CPU.Build.0 = Release|Any CPU
		{0177C860-64E1-69BE-6D0C-DF3486F9A7D3}.Debug|Any CPU.ActiveCfg = Debug|Any CPU
		{0177C860-64E1-69BE-6D0C-DF3486F9A7D3}.Debug|Any CPU.Build.0 = Debug|Any CPU
		{0177C860-64E1-69BE-6D0C-DF3486F9A7D3}.Release|Any CPU.ActiveCfg = Release|Any CPU
		{0177C860-64E1-69BE-6D0C-DF3486F9A7D3}.Release|Any CPU.Build.0 = Release|Any CPU
		{7E3CEADC-B213-1E1A-A88D-32C08DA63216}.Debug|Any CPU.ActiveCfg = Debug|Any CPU
		{7E3CEADC-B213-1E1A-A88D-32C08DA63216}.Debug|Any CPU.Build.0 = Debug|Any CPU
		{7E3CEADC-B213-1E1A-A88D-32C08DA63216}.Release|Any CPU.ActiveCfg = Release|Any CPU
		{7E3CEADC-B213-1E1A-A88D-32C08DA63216}.Release|Any CPU.Build.0 = Release|Any CPU
		{663750EC-4634-6785-1FBC-072729462FC7}.Debug|Any CPU.ActiveCfg = Debug|Any CPU
		{663750EC-4634-6785-1FBC-072729462FC7}.Debug|Any CPU.Build.0 = Debug|Any CPU
		{663750EC-4634-6785-1FBC-072729462FC7}.Release|Any CPU.ActiveCfg = Release|Any CPU
		{663750EC-4634-6785-1FBC-072729462FC7}.Release|Any CPU.Build.0 = Release|Any CPU
		{18168A11-7585-2D44-0B95-E9500073D368}.Debug|Any CPU.ActiveCfg = Debug|Any CPU
		{18168A11-7585-2D44-0B95-E9500073D368}.Debug|Any CPU.Build.0 = Debug|Any CPU
		{18168A11-7585-2D44-0B95-E9500073D368}.Release|Any CPU.ActiveCfg = Release|Any CPU
		{18168A11-7585-2D44-0B95-E9500073D368}.Release|Any CPU.Build.0 = Release|Any CPU
		{83AA58F6-863E-989E-F562-B4DEE3BC6160}.Debug|Any CPU.ActiveCfg = Debug|Any CPU
		{83AA58F6-863E-989E-F562-B4DEE3BC6160}.Debug|Any CPU.Build.0 = Debug|Any CPU
		{83AA58F6-863E-989E-F562-B4DEE3BC6160}.Release|Any CPU.ActiveCfg = Release|Any CPU
		{83AA58F6-863E-989E-F562-B4DEE3BC6160}.Release|Any CPU.Build.0 = Release|Any CPU
	EndGlobalSection
	GlobalSection(SolutionProperties) = preSolution
		HideSolutionNode = FALSE
	EndGlobalSection
EndGlobal
